// !$*UTF8*$!
{
	archiveVersion = 1;
	classes = {
	};
	objectVersion = 56;
	objects = {

/* Begin PBXBuildFile section */
		FB15DDD32CCFDF5800B5B5CD /* AppDelegate.swift in Sources */ = {isa = PBXBuildFile; fileRef = FB15DDD22CCFDF5800B5B5CD /* AppDelegate.swift */; };
		FB15DDD52CCFDF5800B5B5CD /* SceneDelegate.swift in Sources */ = {isa = PBXBuildFile; fileRef = FB15DDD42CCFDF5800B5B5CD /* SceneDelegate.swift */; };
		FB15DDD72CCFDF5800B5B5CD /* ViewController.swift in Sources */ = {isa = PBXBuildFile; fileRef = FB15DDD62CCFDF5800B5B5CD /* ViewController.swift */; };
		FB15DDDA2CCFDF5800B5B5CD /* Main.storyboard in Resources */ = {isa = PBXBuildFile; fileRef = FB15DDD82CCFDF5800B5B5CD /* Main.storyboard */; };
		FB15DDDD2CCFDF5800B5B5CD /* GestionAlmacenProducto.xcdatamodeld in Sources */ = {isa = PBXBuildFile; fileRef = FB15DDDB2CCFDF5800B5B5CD /* GestionAlmacenProducto.xcdatamodeld */; };
		FB15DDDF2CCFDF5A00B5B5CD /* Assets.xcassets in Resources */ = {isa = PBXBuildFile; fileRef = FB15DDDE2CCFDF5A00B5B5CD /* Assets.xcassets */; };
		FB15DDE22CCFDF5A00B5B5CD /* LaunchScreen.storyboard in Resources */ = {isa = PBXBuildFile; fileRef = FB15DDE02CCFDF5A00B5B5CD /* LaunchScreen.storyboard */; };
		FB15DDEA2CCFE17800B5B5CD /* AddViewController.swift in Sources */ = {isa = PBXBuildFile; fileRef = FB15DDE92CCFE17800B5B5CD /* AddViewController.swift */; };
		FB15DDEC2CCFEE2B00B5B5CD /* DetailViewController.swift in Sources */ = {isa = PBXBuildFile; fileRef = FB15DDEB2CCFEE2B00B5B5CD /* DetailViewController.swift */; };
		FB63FBA82CD275CC00304CAF /* LoginViewController.swift in Sources */ = {isa = PBXBuildFile; fileRef = FB63FBA72CD275CC00304CAF /* LoginViewController.swift */; };
		FB63FBAA2CD275DA00304CAF /* RegisterViewController.swift in Sources */ = {isa = PBXBuildFile; fileRef = FB63FBA92CD275DA00304CAF /* RegisterViewController.swift */; };
/* End PBXBuildFile section */

/* Begin PBXFileReference section */
		FB15DDCF2CCFDF5800B5B5CD /* GestionAlmacenProducto.app */ = {isa = PBXFileReference; explicitFileType = wrapper.application; includeInIndex = 0; path = GestionAlmacenProducto.app; sourceTree = BUILT_PRODUCTS_DIR; };
		FB15DDD22CCFDF5800B5B5CD /* AppDelegate.swift */ = {isa = PBXFileReference; lastKnownFileType = sourcecode.swift; path = AppDelegate.swift; sourceTree = "<group>"; };
		FB15DDD42CCFDF5800B5B5CD /* SceneDelegate.swift */ = {isa = PBXFileReference; lastKnownFileType = sourcecode.swift; path = SceneDelegate.swift; sourceTree = "<group>"; };
		FB15DDD62CCFDF5800B5B5CD /* ViewController.swift */ = {isa = PBXFileReference; lastKnownFileType = sourcecode.swift; path = ViewController.swift; sourceTree = "<group>"; };
		FB15DDD92CCFDF5800B5B5CD /* Base */ = {isa = PBXFileReference; lastKnownFileType = file.storyboard; name = Base; path = Base.lproj/Main.storyboard; sourceTree = "<group>"; };
		FB15DDDC2CCFDF5800B5B5CD /* GestionAlmacenProducto.xcdatamodel */ = {isa = PBXFileReference; lastKnownFileType = wrapper.xcdatamodel; path = GestionAlmacenProducto.xcdatamodel; sourceTree = "<group>"; };
		FB15DDDE2CCFDF5A00B5B5CD /* Assets.xcassets */ = {isa = PBXFileReference; lastKnownFileType = folder.assetcatalog; path = Assets.xcassets; sourceTree = "<group>"; };
		FB15DDE12CCFDF5A00B5B5CD /* Base */ = {isa = PBXFileReference; lastKnownFileType = file.storyboard; name = Base; path = Base.lproj/LaunchScreen.storyboard; sourceTree = "<group>"; };
		FB15DDE32CCFDF5A00B5B5CD /* Info.plist */ = {isa = PBXFileReference; lastKnownFileType = text.plist.xml; path = Info.plist; sourceTree = "<group>"; };
		FB15DDE92CCFE17800B5B5CD /* AddViewController.swift */ = {isa = PBXFileReference; lastKnownFileType = sourcecode.swift; path = AddViewController.swift; sourceTree = "<group>"; };
		FB15DDEB2CCFEE2B00B5B5CD /* DetailViewController.swift */ = {isa = PBXFileReference; lastKnownFileType = sourcecode.swift; path = DetailViewController.swift; sourceTree = "<group>"; };
		FB63FBA72CD275CC00304CAF /* LoginViewController.swift */ = {isa = PBXFileReference; lastKnownFileType = sourcecode.swift; path = LoginViewController.swift; sourceTree = "<group>"; };
		FB63FBA92CD275DA00304CAF /* RegisterViewController.swift */ = {isa = PBXFileReference; lastKnownFileType = sourcecode.swift; path = RegisterViewController.swift; sourceTree = "<group>"; };
/* End PBXFileReference section */

/* Begin PBXFrameworksBuildPhase section */
		FB15DDCC2CCFDF5800B5B5CD /* Frameworks */ = {
			isa = PBXFrameworksBuildPhase;
			buildActionMask = 2147483647;
			files = (
			);
			runOnlyForDeploymentPostprocessing = 0;
		};
/* End PBXFrameworksBuildPhase section */

/* Begin PBXGroup section */
		FB15DDC62CCFDF5800B5B5CD = {
			isa = PBXGroup;
			children = (
				FB15DDD12CCFDF5800B5B5CD /* GestionAlmacenProducto */,
				FB15DDD02CCFDF5800B5B5CD /* Products */,
			);
			sourceTree = "<group>";
		};
		FB15DDD02CCFDF5800B5B5CD /* Products */ = {
			isa = PBXGroup;
			children = (
				FB15DDCF2CCFDF5800B5B5CD /* GestionAlmacenProducto.app */,
			);
			name = Products;
			sourceTree = "<group>";
		};
		FB15DDD12CCFDF5800B5B5CD /* GestionAlmacenProducto */ = {
			isa = PBXGroup;
			children = (
				FB15DDD22CCFDF5800B5B5CD /* AppDelegate.swift */,
				FB15DDD42CCFDF5800B5B5CD /* SceneDelegate.swift */,
				FB15DDD62CCFDF5800B5B5CD /* ViewController.swift */,
				FB15DDE92CCFE17800B5B5CD /* AddViewController.swift */,
				FB15DDEB2CCFEE2B00B5B5CD /* DetailViewController.swift */,
				FB63FBA72CD275CC00304CAF /* LoginViewController.swift */,
				FB63FBA92CD275DA00304CAF /* RegisterViewController.swift */,
				FB15DDD82CCFDF5800B5B5CD /* Main.storyboard */,
				FB15DDDE2CCFDF5A00B5B5CD /* Assets.xcassets */,
				FB15DDE02CCFDF5A00B5B5CD /* LaunchScreen.storyboard */,
				FB15DDE32CCFDF5A00B5B5CD /* Info.plist */,
				FB15DDDB2CCFDF5800B5B5CD /* GestionAlmacenProducto.xcdatamodeld */,
			);
			path = GestionAlmacenProducto;
			sourceTree = "<group>";
		};
/* End PBXGroup section */

/* Begin PBXNativeTarget section */
		FB15DDCE2CCFDF5800B5B5CD /* GestionAlmacenProducto */ = {
			isa = PBXNativeTarget;
			buildConfigurationList = FB15DDE62CCFDF5A00B5B5CD /* Build configuration list for PBXNativeTarget "GestionAlmacenProducto" */;
			buildPhases = (
				FB15DDCB2CCFDF5800B5B5CD /* Sources */,
				FB15DDCC2CCFDF5800B5B5CD /* Frameworks */,
				FB15DDCD2CCFDF5800B5B5CD /* Resources */,
			);
			buildRules = (
			);
			dependencies = (
			);
			name = GestionAlmacenProducto;
			productName = GestionAlmacenProducto;
			productReference = FB15DDCF2CCFDF5800B5B5CD /* GestionAlmacenProducto.app */;
			productType = "com.apple.product-type.application";
		};
/* End PBXNativeTarget section */

/* Begin PBXProject section */
		FB15DDC72CCFDF5800B5B5CD /* Project object */ = {
			isa = PBXProject;
			attributes = {
				BuildIndependentTargetsInParallel = 1;
				LastSwiftUpdateCheck = 1520;
				LastUpgradeCheck = 1520;
				TargetAttributes = {
					FB15DDCE2CCFDF5800B5B5CD = {
						CreatedOnToolsVersion = 15.2;
					};
				};
			};
			buildConfigurationList = FB15DDCA2CCFDF5800B5B5CD /* Build configuration list for PBXProject "GestionAlmacenProducto" */;
			compatibilityVersion = "Xcode 14.0";
			developmentRegion = en;
			hasScannedForEncodings = 0;
			knownRegions = (
				en,
				Base,
			);
			mainGroup = FB15DDC62CCFDF5800B5B5CD;
			productRefGroup = FB15DDD02CCFDF5800B5B5CD /* Products */;
			projectDirPath = "";
			projectRoot = "";
			targets = (
				FB15DDCE2CCFDF5800B5B5CD /* GestionAlmacenProducto */,
			);
		};
/* End PBXProject section */

/* Begin PBXResourcesBuildPhase section */
		FB15DDCD2CCFDF5800B5B5CD /* Resources */ = {
			isa = PBXResourcesBuildPhase;
			buildActionMask = 2147483647;
			files = (
				FB15DDE22CCFDF5A00B5B5CD /* LaunchScreen.storyboard in Resources */,
				FB15DDDF2CCFDF5A00B5B5CD /* Assets.xcassets in Resources */,
				FB15DDDA2CCFDF5800B5B5CD /* Main.storyboard in Resources */,
			);
			runOnlyForDeploymentPostprocessing = 0;
		};
/* End PBXResourcesBuildPhase section */

/* Begin PBXSourcesBuildPhase section */
		FB15DDCB2CCFDF5800B5B5CD /* Sources */ = {
			isa = PBXSourcesBuildPhase;
			buildActionMask = 2147483647;
			files = (
				FB63FBA82CD275CC00304CAF /* LoginViewController.swift in Sources */,
				FB15DDEA2CCFE17800B5B5CD /* AddViewController.swift in Sources */,
				FB15DDD72CCFDF5800B5B5CD /* ViewController.swift in Sources */,
				FB63FBAA2CD275DA00304CAF /* RegisterViewController.swift in Sources */,
				FB15DDDD2CCFDF5800B5B5CD /* GestionAlmacenProducto.xcdatamodeld in Sources */,
				FB15DDEC2CCFEE2B00B5B5CD /* DetailViewController.swift in Sources */,
				FB15DDD32CCFDF5800B5B5CD /* AppDelegate.swift in Sources */,
				FB15DDD52CCFDF5800B5B5CD /* SceneDelegate.swift in Sources */,
			);
			runOnlyForDeploymentPostprocessing = 0;
		};
/* End PBXSourcesBuildPhase section */

/* Begin PBXVariantGroup section */
		FB15DDD82CCFDF5800B5B5CD /* Main.storyboard */ = {
			isa = PBXVariantGroup;
			children = (
				FB15DDD92CCFDF5800B5B5CD /* Base */,
			);
			name = Main.storyboard;
			sourceTree = "<group>";
		};
		FB15DDE02CCFDF5A00B5B5CD /* LaunchScreen.storyboard */ = {
			isa = PBXVariantGroup;
			children = (
				FB15DDE12CCFDF5A00B5B5CD /* Base */,
			);
			name = LaunchScreen.storyboard;
			sourceTree = "<group>";
		};
/* End PBXVariantGroup section */

/* Begin XCBuildConfiguration section */
		FB15DDE42CCFDF5A00B5B5CD /* Debug */ = {
			isa = XCBuildConfiguration;
			buildSettings = {
				ALWAYS_SEARCH_USER_PATHS = NO;
				ASSETCATALOG_COMPILER_GENERATE_SWIFT_ASSET_SYMBOL_EXTENSIONS = YES;
				CLANG_ANALYZER_NONNULL = YES;
				CLANG_ANALYZER_NUMBER_OBJECT_CONVERSION = YES_AGGRESSIVE;
				CLANG_CXX_LANGUAGE_STANDARD = "gnu++20";
				CLANG_ENABLE_MODULES = YES;
				CLANG_ENABLE_OBJC_ARC = YES;
				CLANG_ENABLE_OBJC_WEAK = YES;
				CLANG_WARN_BLOCK_CAPTURE_AUTORELEASING = YES;
				CLANG_WARN_BOOL_CONVERSION = YES;
				CLANG_WARN_COMMA = YES;
				CLANG_WARN_CONSTANT_CONVERSION = YES;
				CLANG_WARN_DEPRECATED_OBJC_IMPLEMENTATIONS = YES;
				CLANG_WARN_DIRECT_OBJC_ISA_USAGE = YES_ERROR;
				CLANG_WARN_DOCUMENTATION_COMMENTS = YES;
				CLANG_WARN_EMPTY_BODY = YES;
				CLANG_WARN_ENUM_CONVERSION = YES;
				CLANG_WARN_INFINITE_RECURSION = YES;
				CLANG_WARN_INT_CONVERSION = YES;
				CLANG_WARN_NON_LITERAL_NULL_CONVERSION = YES;
				CLANG_WARN_OBJC_IMPLICIT_RETAIN_SELF = YES;
				CLANG_WARN_OBJC_LITERAL_CONVERSION = YES;
				CLANG_WARN_OBJC_ROOT_CLASS = YES_ERROR;
				CLANG_WARN_QUOTED_INCLUDE_IN_FRAMEWORK_HEADER = YES;
				CLANG_WARN_RANGE_LOOP_ANALYSIS = YES;
				CLANG_WARN_STRICT_PROTOTYPES = YES;
				CLANG_WARN_SUSPICIOUS_MOVE = YES;
				CLANG_WARN_UNGUARDED_AVAILABILITY = YES_AGGRESSIVE;
				CLANG_WARN_UNREACHABLE_CODE = YES;
				CLANG_WARN__DUPLICATE_METHOD_MATCH = YES;
				COPY_PHASE_STRIP = NO;
				DEBUG_INFORMATION_FORMAT = dwarf;
				ENABLE_STRICT_OBJC_MSGSEND = YES;
				ENABLE_TESTABILITY = YES;
				ENABLE_USER_SCRIPT_SANDBOXING = YES;
				GCC_C_LANGUAGE_STANDARD = gnu17;
				GCC_DYNAMIC_NO_PIC = NO;
				GCC_NO_COMMON_BLOCKS = YES;
				GCC_OPTIMIZATION_LEVEL = 0;
				GCC_PREPROCESSOR_DEFINITIONS = (
					"DEBUG=1",
					"$(inherited)",
				);
				GCC_WARN_64_TO_32_BIT_CONVERSION = YES;
				GCC_WARN_ABOUT_RETURN_TYPE = YES_ERROR;
				GCC_WARN_UNDECLARED_SELECTOR = YES;
				GCC_WARN_UNINITIALIZED_AUTOS = YES_AGGRESSIVE;
				GCC_WARN_UNUSED_FUNCTION = YES;
				GCC_WARN_UNUSED_VARIABLE = YES;
				IPHONEOS_DEPLOYMENT_TARGET = 17.2;
				LOCALIZATION_PREFERS_STRING_CATALOGS = YES;
				MTL_ENABLE_DEBUG_INFO = INCLUDE_SOURCE;
				MTL_FAST_MATH = YES;
				ONLY_ACTIVE_ARCH = YES;
				SDKROOT = iphoneos;
				SWIFT_ACTIVE_COMPILATION_CONDITIONS = "DEBUG $(inherited)";
				SWIFT_OPTIMIZATION_LEVEL = "-Onone";
			};
			name = Debug;
		};
		FB15DDE52CCFDF5A00B5B5CD /* Release */ = {
			isa = XCBuildConfiguration;
			buildSettings = {
				ALWAYS_SEARCH_USER_PATHS = NO;
				ASSETCATALOG_COMPILER_GENERATE_SWIFT_ASSET_SYMBOL_EXTENSIONS = YES;
				CLANG_ANALYZER_NONNULL = YES;
				CLANG_ANALYZER_NUMBER_OBJECT_CONVERSION = YES_AGGRESSIVE;
				CLANG_CXX_LANGUAGE_STANDARD = "gnu++20";
				CLANG_ENABLE_MODULES = YES;
				CLANG_ENABLE_OBJC_ARC = YES;
				CLANG_ENABLE_OBJC_WEAK = YES;
				CLANG_WARN_BLOCK_CAPTURE_AUTORELEASING = YES;
				CLANG_WARN_BOOL_CONVERSION = YES;
				CLANG_WARN_COMMA = YES;
				CLANG_WARN_CONSTANT_CONVERSION = YES;
				CLANG_WARN_DEPRECATED_OBJC_IMPLEMENTATIONS = YES;
				CLANG_WARN_DIRECT_OBJC_ISA_USAGE = YES_ERROR;
				CLANG_WARN_DOCUMENTATION_COMMENTS = YES;
				CLANG_WARN_EMPTY_BODY = YES;
				CLANG_WARN_ENUM_CONVERSION = YES;
				CLANG_WARN_INFINITE_RECURSION = YES;
				CLANG_WARN_INT_CONVERSION = YES;
				CLANG_WARN_NON_LITERAL_NULL_CONVERSION = YES;
				CLANG_WARN_OBJC_IMPLICIT_RETAIN_SELF = YES;
				CLANG_WARN_OBJC_LITERAL_CONVERSION = YES;
				CLANG_WARN_OBJC_ROOT_CLASS = YES_ERROR;
				CLANG_WARN_QUOTED_INCLUDE_IN_FRAMEWORK_HEADER = YES;
				CLANG_WARN_RANGE_LOOP_ANALYSIS = YES;
				CLANG_WARN_STRICT_PROTOTYPES = YES;
				CLANG_WARN_SUSPICIOUS_MOVE = YES;
				CLANG_WARN_UNGUARDED_AVAILABILITY = YES_AGGRESSIVE;
				CLANG_WARN_UNREACHABLE_CODE = YES;
				CLANG_WARN__DUPLICATE_METHOD_MATCH = YES;
				COPY_PHASE_STRIP = NO;
				DEBUG_INFORMATION_FORMAT = "dwarf-with-dsym";
				ENABLE_NS_ASSERTIONS = NO;
				ENABLE_STRICT_OBJC_MSGSEND = YES;
				ENABLE_USER_SCRIPT_SANDBOXING = YES;
				GCC_C_LANGUAGE_STANDARD = gnu17;
				GCC_NO_COMMON_BLOCKS = YES;
				GCC_WARN_64_TO_32_BIT_CONVERSION = YES;
				GCC_WARN_ABOUT_RETURN_TYPE = YES_ERROR;
				GCC_WARN_UNDECLARED_SELECTOR = YES;
				GCC_WARN_UNINITIALIZED_AUTOS = YES_AGGRESSIVE;
				GCC_WARN_UNUSED_FUNCTION = YES;
				GCC_WARN_UNUSED_VARIABLE = YES;
				IPHONEOS_DEPLOYMENT_TARGET = 17.2;
				LOCALIZATION_PREFERS_STRING_CATALOGS = YES;
				MTL_ENABLE_DEBUG_INFO = NO;
				MTL_FAST_MATH = YES;
				SDKROOT = iphoneos;
				SWIFT_COMPILATION_MODE = wholemodule;
				VALIDATE_PRODUCT = YES;
			};
			name = Release;
		};
		FB15DDE72CCFDF5A00B5B5CD /* Debug */ = {
			isa = XCBuildConfiguration;
			buildSettings = {
				ASSETCATALOG_COMPILER_APPICON_NAME = AppIcon;
				ASSETCATALOG_COMPILER_GLOBAL_ACCENT_COLOR_NAME = AccentColor;
				CODE_SIGN_STYLE = Automatic;
				CURRENT_PROJECT_VERSION = 1;
				GENERATE_INFOPLIST_FILE = YES;
				INFOPLIST_FILE = GestionAlmacenProducto/Info.plist;
				INFOPLIST_KEY_UIApplicationSupportsIndirectInputEvents = YES;
				INFOPLIST_KEY_UILaunchStoryboardName = LaunchScreen;
				INFOPLIST_KEY_UIMainStoryboardFile = Main;
				INFOPLIST_KEY_UISupportedInterfaceOrientations_iPad = "UIInterfaceOrientationPortrait UIInterfaceOrientationPortraitUpsideDown UIInterfaceOrientationLandscapeLeft UIInterfaceOrientationLandscapeRight";
				INFOPLIST_KEY_UISupportedInterfaceOrientations_iPhone = "UIInterfaceOrientationPortrait UIInterfaceOrientationLandscapeLeft UIInterfaceOrientationLandscapeRight";
				LD_RUNPATH_SEARCH_PATHS = (
					"$(inherited)",
					"@executable_path/Frameworks",
				);
				MARKETING_VERSION = 1.0;
				PRODUCT_BUNDLE_IDENTIFIER = tecsup.GestionAlmacenProducto;
				PRODUCT_NAME = "$(TARGET_NAME)";
				SWIFT_EMIT_LOC_STRINGS = YES;
				SWIFT_VERSION = 5.0;
				TARGETED_DEVICE_FAMILY = "1,2";
			};
			name = Debug;
		};
		FB15DDE82CCFDF5A00B5B5CD /* Release */ = {
			isa = XCBuildConfiguration;
			buildSettings = {
				ASSETCATALOG_COMPILER_APPICON_NAME = AppIcon;
				ASSETCATALOG_COMPILER_GLOBAL_ACCENT_COLOR_NAME = AccentColor;
				CODE_SIGN_STYLE = Automatic;
				CURRENT_PROJECT_VERSION = 1;
				GENERATE_INFOPLIST_FILE = YES;
				INFOPLIST_FILE = GestionAlmacenProducto/Info.plist;
				INFOPLIST_KEY_UIApplicationSupportsIndirectInputEvents = YES;
				INFOPLIST_KEY_UILaunchStoryboardName = LaunchScreen;
				INFOPLIST_KEY_UIMainStoryboardFile = Main;
				INFOPLIST_KEY_UISupportedInterfaceOrientations_iPad = "UIInterfaceOrientationPortrait UIInterfaceOrientationPortraitUpsideDown UIInterfaceOrientationLandscapeLeft UIInterfaceOrientationLandscapeRight";
				INFOPLIST_KEY_UISupportedInterfaceOrientations_iPhone = "UIInterfaceOrientationPortrait UIInterfaceOrientationLandscapeLeft UIInterfaceOrientationLandscapeRight";
				LD_RUNPATH_SEARCH_PATHS = (
					"$(inherited)",
					"@executable_path/Frameworks",
				);
				MARKETING_VERSION = 1.0;
				PRODUCT_BUNDLE_IDENTIFIER = tecsup.GestionAlmacenProducto;
				PRODUCT_NAME = "$(TARGET_NAME)";
				SWIFT_EMIT_LOC_STRINGS = YES;
				SWIFT_VERSION = 5.0;
				TARGETED_DEVICE_FAMILY = "1,2";
			};
			name = Release;
		};
/* End XCBuildConfiguration section */

/* Begin XCConfigurationList section */
		FB15DDCA2CCFDF5800B5B5CD /* Build configuration list for PBXProject "GestionAlmacenProducto" */ = {
			isa = XCConfigurationList;
			buildConfigurations = (
				FB15DDE42CCFDF5A00B5B5CD /* Debug */,
				FB15DDE52CCFDF5A00B5B5CD /* Release */,
			);
			defaultConfigurationIsVisible = 0;
			defaultConfigurationName = Release;
		};
		FB15DDE62CCFDF5A00B5B5CD /* Build configuration list for PBXNativeTarget "GestionAlmacenProducto" */ = {
			isa = XCConfigurationList;
			buildConfigurations = (
				FB15DDE72CCFDF5A00B5B5CD /* Debug */,
				FB15DDE82CCFDF5A00B5B5CD /* Release */,
			);
			defaultConfigurationIsVisible = 0;
			defaultConfigurationName = Release;
		};
/* End XCConfigurationList section */

/* Begin XCVersionGroup section */
		FB15DDDB2CCFDF5800B5B5CD /* GestionAlmacenProducto.xcdatamodeld */ = {
			isa = XCVersionGroup;
			children = (
				FB15DDDC2CCFDF5800B5B5CD /* GestionAlmacenProducto.xcdatamodel */,
			);
			currentVersion = FB15DDDC2CCFDF5800B5B5CD /* GestionAlmacenProducto.xcdatamodel */;
			path = GestionAlmacenProducto.xcdatamodeld;
			sourceTree = "<group>";
			versionGroupType = wrapper.xcdatamodel;
		};
/* End XCVersionGroup section */
	};
	rootObject = FB15DDC72CCFDF5800B5B5CD /* Project object */;
}
